// !$*UTF8*$!
{
	archiveVersion = 1;
	classes = {
	};
	objectVersion = 50;
	objects = {

/* Begin PBXBuildFile section */
		E740616125CF38A500DC8DA0 /* AppDelegate.swift in Sources */ = {isa = PBXBuildFile; fileRef = E740616025CF38A500DC8DA0 /* AppDelegate.swift */; };
		E740616325CF38A500DC8DA0 /* SceneDelegate.swift in Sources */ = {isa = PBXBuildFile; fileRef = E740616225CF38A500DC8DA0 /* SceneDelegate.swift */; };
		E740616525CF38A500DC8DA0 /* RickAndMortyViewController.swift in Sources */ = {isa = PBXBuildFile; fileRef = E740616425CF38A500DC8DA0 /* RickAndMortyViewController.swift */; };
		E740616825CF38A500DC8DA0 /* RickAndMorty.storyboard in Resources */ = {isa = PBXBuildFile; fileRef = E740616625CF38A500DC8DA0 /* RickAndMorty.storyboard */; };
		E740616A25CF38A900DC8DA0 /* Assets.xcassets in Resources */ = {isa = PBXBuildFile; fileRef = E740616925CF38A900DC8DA0 /* Assets.xcassets */; };
		E740616D25CF38A900DC8DA0 /* LaunchScreen.storyboard in Resources */ = {isa = PBXBuildFile; fileRef = E740616B25CF38A900DC8DA0 /* LaunchScreen.storyboard */; };
		E740618A25CF3DA200DC8DA0 /* RickAndMortyViewModel.swift in Sources */ = {isa = PBXBuildFile; fileRef = E740618925CF3DA200DC8DA0 /* RickAndMortyViewModel.swift */; };
		E740618D25CF40F800DC8DA0 /* RickAndMortyModel.swift in Sources */ = {isa = PBXBuildFile; fileRef = E740618C25CF40F800DC8DA0 /* RickAndMortyModel.swift */; };
		E740619125CF430800DC8DA0 /* RickAndMortyCharacterEpisodeModel.swift in Sources */ = {isa = PBXBuildFile; fileRef = E740619025CF430800DC8DA0 /* RickAndMortyCharacterEpisodeModel.swift */; };
		E740619925CF446000DC8DA0 /* Services.swift in Sources */ = {isa = PBXBuildFile; fileRef = E740619825CF446000DC8DA0 /* Services.swift */; };
		E740619C25CF449700DC8DA0 /* BaseRequestModel.swift in Sources */ = {isa = PBXBuildFile; fileRef = E740619B25CF449700DC8DA0 /* BaseRequestModel.swift */; };
		E740619F25CF44F300DC8DA0 /* BaseResponseModel.swift in Sources */ = {isa = PBXBuildFile; fileRef = E740619E25CF44F300DC8DA0 /* BaseResponseModel.swift */; };
		E74061A225CF451000DC8DA0 /* ServiceErrorModel.swift in Sources */ = {isa = PBXBuildFile; fileRef = E74061A125CF451000DC8DA0 /* ServiceErrorModel.swift */; };
		E74061A525CF455000DC8DA0 /* ServiceConstants.swift in Sources */ = {isa = PBXBuildFile; fileRef = E74061A425CF455000DC8DA0 /* ServiceConstants.swift */; };
		E74061A825CF456800DC8DA0 /* ErrorMessagesConstants.swift in Sources */ = {isa = PBXBuildFile; fileRef = E74061A725CF456800DC8DA0 /* ErrorMessagesConstants.swift */; };
		E74061AB25CF458800DC8DA0 /* ServiceManager.swift in Sources */ = {isa = PBXBuildFile; fileRef = E74061AA25CF458800DC8DA0 /* ServiceManager.swift */; };
		E74061B325CF45C600DC8DA0 /* BaseViewController.swift in Sources */ = {isa = PBXBuildFile; fileRef = E74061B225CF45C600DC8DA0 /* BaseViewController.swift */; };
		E74061B825CF463B00DC8DA0 /* GetAllCharactersRequestModel.swift in Sources */ = {isa = PBXBuildFile; fileRef = E74061B725CF463B00DC8DA0 /* GetAllCharactersRequestModel.swift */; };
		E74061BB25CF466800DC8DA0 /* GetCharacterByIdRequestModel.swift in Sources */ = {isa = PBXBuildFile; fileRef = E74061BA25CF466800DC8DA0 /* GetCharacterByIdRequestModel.swift */; };
		E74061BE25CF469200DC8DA0 /* CharacterResponseModel.swift in Sources */ = {isa = PBXBuildFile; fileRef = E74061BD25CF469200DC8DA0 /* CharacterResponseModel.swift */; };
		E74061C225CF491500DC8DA0 /* UIApplicationExtension.swift in Sources */ = {isa = PBXBuildFile; fileRef = E74061C125CF491500DC8DA0 /* UIApplicationExtension.swift */; };
		E74061C725CF4C0D00DC8DA0 /* BaseApiResponseModel.swift in Sources */ = {isa = PBXBuildFile; fileRef = E74061C625CF4C0D00DC8DA0 /* BaseApiResponseModel.swift */; };
		E74061CC25CF4DE600DC8DA0 /* BaseApiRequestModel.swift in Sources */ = {isa = PBXBuildFile; fileRef = E74061CB25CF4DE600DC8DA0 /* BaseApiRequestModel.swift */; };
		E74061D325CFD81E00DC8DA0 /* GetEpisodeByIdRequestModel.swift in Sources */ = {isa = PBXBuildFile; fileRef = E74061D225CFD81E00DC8DA0 /* GetEpisodeByIdRequestModel.swift */; };
		E74061D625CFD86700DC8DA0 /* EpisodeResponseModel.swift in Sources */ = {isa = PBXBuildFile; fileRef = E74061D525CFD86700DC8DA0 /* EpisodeResponseModel.swift */; };
		E74061DB25CFDBF300DC8DA0 /* SetImage.swift in Sources */ = {isa = PBXBuildFile; fileRef = E74061DA25CFDBF300DC8DA0 /* SetImage.swift */; };
		E74061E025CFDC2300DC8DA0 /* GridFlowLayout.swift in Sources */ = {isa = PBXBuildFile; fileRef = E74061DF25CFDC2300DC8DA0 /* GridFlowLayout.swift */; };
		E74061E325CFDC2D00DC8DA0 /* ListFlowLayout.swift in Sources */ = {isa = PBXBuildFile; fileRef = E74061E225CFDC2D00DC8DA0 /* ListFlowLayout.swift */; };
		E74061E725CFDC9800DC8DA0 /* UserDefaultsManager.swift in Sources */ = {isa = PBXBuildFile; fileRef = E74061E625CFDC9800DC8DA0 /* UserDefaultsManager.swift */; };
		E74061EA25CFDCBA00DC8DA0 /* UserDefaultsExtension.swift in Sources */ = {isa = PBXBuildFile; fileRef = E74061E925CFDCBA00DC8DA0 /* UserDefaultsExtension.swift */; };
		E74061ED25CFDD1900DC8DA0 /* RickAndMortyCollectionViewCell.swift in Sources */ = {isa = PBXBuildFile; fileRef = E74061EC25CFDD1900DC8DA0 /* RickAndMortyCollectionViewCell.swift */; };
		E74061F025CFDD2C00DC8DA0 /* RickAndMortyListCollectionViewCell.xib in Resources */ = {isa = PBXBuildFile; fileRef = E74061EF25CFDD2C00DC8DA0 /* RickAndMortyListCollectionViewCell.xib */; };
		E74061F325CFE26D00DC8DA0 /* RickAndMortyCollectionViewFooterView.xib in Resources */ = {isa = PBXBuildFile; fileRef = E74061F225CFE26C00DC8DA0 /* RickAndMortyCollectionViewFooterView.xib */; };
		E74061F625CFE27500DC8DA0 /* RickAndMortyCollectionViewFooterView.swift in Sources */ = {isa = PBXBuildFile; fileRef = E74061F525CFE27500DC8DA0 /* RickAndMortyCollectionViewFooterView.swift */; };
		E74061F925CFECDB00DC8DA0 /* DateFormatterExtension.swift in Sources */ = {isa = PBXBuildFile; fileRef = E74061F825CFECDA00DC8DA0 /* DateFormatterExtension.swift */; };
		E74061FC25CFECE900DC8DA0 /* JSONDecoderDateExtension.swift in Sources */ = {isa = PBXBuildFile; fileRef = E74061FB25CFECE900DC8DA0 /* JSONDecoderDateExtension.swift */; };
		E740620125CFEF6500DC8DA0 /* RickAndMortyModelMapper.swift in Sources */ = {isa = PBXBuildFile; fileRef = E740620025CFEF6500DC8DA0 /* RickAndMortyModelMapper.swift */; };
		E740620425D016D300DC8DA0 /* RickAndMortyConstants.swift in Sources */ = {isa = PBXBuildFile; fileRef = E740620325D016D200DC8DA0 /* RickAndMortyConstants.swift */; };
		E740620A25D0182C00DC8DA0 /* RickAndMortyGridCollectionViewCell.xib in Resources */ = {isa = PBXBuildFile; fileRef = E740620925D0182C00DC8DA0 /* RickAndMortyGridCollectionViewCell.xib */; };
		E740621125D03A8A00DC8DA0 /* RickAndMortyDetailViewModel.swift in Sources */ = {isa = PBXBuildFile; fileRef = E740621025D03A8900DC8DA0 /* RickAndMortyDetailViewModel.swift */; };
		E740621425D03A9800DC8DA0 /* RickAndMortyDetailViewController.swift in Sources */ = {isa = PBXBuildFile; fileRef = E740621325D03A9800DC8DA0 /* RickAndMortyDetailViewController.swift */; };
		E740621725D03AAB00DC8DA0 /* RickAndMortyDetailViewModelDelegate.swift in Sources */ = {isa = PBXBuildFile; fileRef = E740621625D03AAB00DC8DA0 /* RickAndMortyDetailViewModelDelegate.swift */; };
		E7C53A9325D05F9C00D37D09 /* README.md in Resources */ = {isa = PBXBuildFile; fileRef = E7C53A9225D05F9C00D37D09 /* README.md */; };
		E7C53A9725D060E300D37D09 /* RickAndMortyViewModelDelegate.swift in Sources */ = {isa = PBXBuildFile; fileRef = E7C53A9625D060E300D37D09 /* RickAndMortyViewModelDelegate.swift */; };
/* End PBXBuildFile section */

/* Begin PBXFileReference section */
		E740615D25CF38A500DC8DA0 /* RickAndMorty.app */ = {isa = PBXFileReference; explicitFileType = wrapper.application; includeInIndex = 0; path = RickAndMorty.app; sourceTree = BUILT_PRODUCTS_DIR; };
		E740616025CF38A500DC8DA0 /* AppDelegate.swift */ = {isa = PBXFileReference; lastKnownFileType = sourcecode.swift; path = AppDelegate.swift; sourceTree = "<group>"; };
		E740616225CF38A500DC8DA0 /* SceneDelegate.swift */ = {isa = PBXFileReference; lastKnownFileType = sourcecode.swift; path = SceneDelegate.swift; sourceTree = "<group>"; };
		E740616425CF38A500DC8DA0 /* RickAndMortyViewController.swift */ = {isa = PBXFileReference; lastKnownFileType = sourcecode.swift; path = RickAndMortyViewController.swift; sourceTree = "<group>"; };
		E740616725CF38A500DC8DA0 /* Base */ = {isa = PBXFileReference; lastKnownFileType = file.storyboard; name = Base; path = Base.lproj/RickAndMorty.storyboard; sourceTree = "<group>"; };
		E740616925CF38A900DC8DA0 /* Assets.xcassets */ = {isa = PBXFileReference; lastKnownFileType = folder.assetcatalog; path = Assets.xcassets; sourceTree = "<group>"; };
		E740616C25CF38A900DC8DA0 /* Base */ = {isa = PBXFileReference; lastKnownFileType = file.storyboard; name = Base; path = Base.lproj/LaunchScreen.storyboard; sourceTree = "<group>"; };
		E740616E25CF38A900DC8DA0 /* Info.plist */ = {isa = PBXFileReference; lastKnownFileType = text.plist.xml; path = Info.plist; sourceTree = "<group>"; };
		E740618925CF3DA200DC8DA0 /* RickAndMortyViewModel.swift */ = {isa = PBXFileReference; lastKnownFileType = sourcecode.swift; path = RickAndMortyViewModel.swift; sourceTree = "<group>"; };
		E740618C25CF40F800DC8DA0 /* RickAndMortyModel.swift */ = {isa = PBXFileReference; lastKnownFileType = sourcecode.swift; path = RickAndMortyModel.swift; sourceTree = "<group>"; };
		E740619025CF430800DC8DA0 /* RickAndMortyCharacterEpisodeModel.swift */ = {isa = PBXFileReference; lastKnownFileType = sourcecode.swift; path = RickAndMortyCharacterEpisodeModel.swift; sourceTree = "<group>"; };
		E740619825CF446000DC8DA0 /* Services.swift */ = {isa = PBXFileReference; lastKnownFileType = sourcecode.swift; path = Services.swift; sourceTree = "<group>"; };
		E740619B25CF449700DC8DA0 /* BaseRequestModel.swift */ = {isa = PBXFileReference; lastKnownFileType = sourcecode.swift; path = BaseRequestModel.swift; sourceTree = "<group>"; };
		E740619E25CF44F300DC8DA0 /* BaseResponseModel.swift */ = {isa = PBXFileReference; lastKnownFileType = sourcecode.swift; path = BaseResponseModel.swift; sourceTree = "<group>"; };
		E74061A125CF451000DC8DA0 /* ServiceErrorModel.swift */ = {isa = PBXFileReference; lastKnownFileType = sourcecode.swift; path = ServiceErrorModel.swift; sourceTree = "<group>"; };
		E74061A425CF455000DC8DA0 /* ServiceConstants.swift */ = {isa = PBXFileReference; lastKnownFileType = sourcecode.swift; path = ServiceConstants.swift; sourceTree = "<group>"; };
		E74061A725CF456800DC8DA0 /* ErrorMessagesConstants.swift */ = {isa = PBXFileReference; lastKnownFileType = sourcecode.swift; path = ErrorMessagesConstants.swift; sourceTree = "<group>"; };
		E74061AA25CF458800DC8DA0 /* ServiceManager.swift */ = {isa = PBXFileReference; lastKnownFileType = sourcecode.swift; path = ServiceManager.swift; sourceTree = "<group>"; };
		E74061B225CF45C600DC8DA0 /* BaseViewController.swift */ = {isa = PBXFileReference; lastKnownFileType = sourcecode.swift; path = BaseViewController.swift; sourceTree = "<group>"; };
		E74061B725CF463B00DC8DA0 /* GetAllCharactersRequestModel.swift */ = {isa = PBXFileReference; lastKnownFileType = sourcecode.swift; path = GetAllCharactersRequestModel.swift; sourceTree = "<group>"; };
		E74061BA25CF466800DC8DA0 /* GetCharacterByIdRequestModel.swift */ = {isa = PBXFileReference; lastKnownFileType = sourcecode.swift; path = GetCharacterByIdRequestModel.swift; sourceTree = "<group>"; };
		E74061BD25CF469200DC8DA0 /* CharacterResponseModel.swift */ = {isa = PBXFileReference; lastKnownFileType = sourcecode.swift; path = CharacterResponseModel.swift; sourceTree = "<group>"; };
		E74061C125CF491500DC8DA0 /* UIApplicationExtension.swift */ = {isa = PBXFileReference; lastKnownFileType = sourcecode.swift; path = UIApplicationExtension.swift; sourceTree = "<group>"; };
		E74061C625CF4C0D00DC8DA0 /* BaseApiResponseModel.swift */ = {isa = PBXFileReference; lastKnownFileType = sourcecode.swift; path = BaseApiResponseModel.swift; sourceTree = "<group>"; };
		E74061CB25CF4DE600DC8DA0 /* BaseApiRequestModel.swift */ = {isa = PBXFileReference; lastKnownFileType = sourcecode.swift; path = BaseApiRequestModel.swift; sourceTree = "<group>"; };
		E74061D225CFD81E00DC8DA0 /* GetEpisodeByIdRequestModel.swift */ = {isa = PBXFileReference; lastKnownFileType = sourcecode.swift; path = GetEpisodeByIdRequestModel.swift; sourceTree = "<group>"; };
		E74061D525CFD86700DC8DA0 /* EpisodeResponseModel.swift */ = {isa = PBXFileReference; lastKnownFileType = sourcecode.swift; path = EpisodeResponseModel.swift; sourceTree = "<group>"; };
		E74061DA25CFDBF300DC8DA0 /* SetImage.swift */ = {isa = PBXFileReference; lastKnownFileType = sourcecode.swift; path = SetImage.swift; sourceTree = "<group>"; };
		E74061DF25CFDC2300DC8DA0 /* GridFlowLayout.swift */ = {isa = PBXFileReference; lastKnownFileType = sourcecode.swift; path = GridFlowLayout.swift; sourceTree = "<group>"; };
		E74061E225CFDC2D00DC8DA0 /* ListFlowLayout.swift */ = {isa = PBXFileReference; lastKnownFileType = sourcecode.swift; path = ListFlowLayout.swift; sourceTree = "<group>"; };
		E74061E625CFDC9800DC8DA0 /* UserDefaultsManager.swift */ = {isa = PBXFileReference; lastKnownFileType = sourcecode.swift; path = UserDefaultsManager.swift; sourceTree = "<group>"; };
		E74061E925CFDCBA00DC8DA0 /* UserDefaultsExtension.swift */ = {isa = PBXFileReference; lastKnownFileType = sourcecode.swift; path = UserDefaultsExtension.swift; sourceTree = "<group>"; };
		E74061EC25CFDD1900DC8DA0 /* RickAndMortyCollectionViewCell.swift */ = {isa = PBXFileReference; lastKnownFileType = sourcecode.swift; path = RickAndMortyCollectionViewCell.swift; sourceTree = "<group>"; };
		E74061EF25CFDD2C00DC8DA0 /* RickAndMortyListCollectionViewCell.xib */ = {isa = PBXFileReference; lastKnownFileType = file.xib; path = RickAndMortyListCollectionViewCell.xib; sourceTree = "<group>"; };
		E74061F225CFE26C00DC8DA0 /* RickAndMortyCollectionViewFooterView.xib */ = {isa = PBXFileReference; lastKnownFileType = file.xib; path = RickAndMortyCollectionViewFooterView.xib; sourceTree = "<group>"; };
		E74061F525CFE27500DC8DA0 /* RickAndMortyCollectionViewFooterView.swift */ = {isa = PBXFileReference; lastKnownFileType = sourcecode.swift; path = RickAndMortyCollectionViewFooterView.swift; sourceTree = "<group>"; };
		E74061F825CFECDA00DC8DA0 /* DateFormatterExtension.swift */ = {isa = PBXFileReference; lastKnownFileType = sourcecode.swift; path = DateFormatterExtension.swift; sourceTree = "<group>"; };
		E74061FB25CFECE900DC8DA0 /* JSONDecoderDateExtension.swift */ = {isa = PBXFileReference; lastKnownFileType = sourcecode.swift; path = JSONDecoderDateExtension.swift; sourceTree = "<group>"; };
		E740620025CFEF6500DC8DA0 /* RickAndMortyModelMapper.swift */ = {isa = PBXFileReference; lastKnownFileType = sourcecode.swift; path = RickAndMortyModelMapper.swift; sourceTree = "<group>"; };
		E740620325D016D200DC8DA0 /* RickAndMortyConstants.swift */ = {isa = PBXFileReference; lastKnownFileType = sourcecode.swift; path = RickAndMortyConstants.swift; sourceTree = "<group>"; };
		E740620925D0182C00DC8DA0 /* RickAndMortyGridCollectionViewCell.xib */ = {isa = PBXFileReference; lastKnownFileType = file.xib; path = RickAndMortyGridCollectionViewCell.xib; sourceTree = "<group>"; };
		E740621025D03A8900DC8DA0 /* RickAndMortyDetailViewModel.swift */ = {isa = PBXFileReference; lastKnownFileType = sourcecode.swift; path = RickAndMortyDetailViewModel.swift; sourceTree = "<group>"; };
		E740621325D03A9800DC8DA0 /* RickAndMortyDetailViewController.swift */ = {isa = PBXFileReference; lastKnownFileType = sourcecode.swift; path = RickAndMortyDetailViewController.swift; sourceTree = "<group>"; };
		E740621625D03AAB00DC8DA0 /* RickAndMortyDetailViewModelDelegate.swift */ = {isa = PBXFileReference; lastKnownFileType = sourcecode.swift; path = RickAndMortyDetailViewModelDelegate.swift; sourceTree = "<group>"; };
		E7C53A9225D05F9C00D37D09 /* README.md */ = {isa = PBXFileReference; fileEncoding = 4; lastKnownFileType = net.daringfireball.markdown; path = README.md; sourceTree = "<group>"; };
		E7C53A9625D060E300D37D09 /* RickAndMortyViewModelDelegate.swift */ = {isa = PBXFileReference; fileEncoding = 4; lastKnownFileType = sourcecode.swift; path = RickAndMortyViewModelDelegate.swift; sourceTree = "<group>"; };
/* End PBXFileReference section */

/* Begin PBXFrameworksBuildPhase section */
		E740615A25CF38A500DC8DA0 /* Frameworks */ = {
			isa = PBXFrameworksBuildPhase;
			buildActionMask = 2147483647;
			files = (
			);
			runOnlyForDeploymentPostprocessing = 0;
		};
/* End PBXFrameworksBuildPhase section */

/* Begin PBXGroup section */
		E740615425CF38A500DC8DA0 = {
			isa = PBXGroup;
			children = (
				E740615F25CF38A500DC8DA0 /* RickAndMorty */,
				E740615E25CF38A500DC8DA0 /* Products */,
				E7C53A9225D05F9C00D37D09 /* README.md */,
			);
			sourceTree = "<group>";
		};
		E740615E25CF38A500DC8DA0 /* Products */ = {
			isa = PBXGroup;
			children = (
				E740615D25CF38A500DC8DA0 /* RickAndMorty.app */,
			);
			name = Products;
			sourceTree = "<group>";
		};
		E740615F25CF38A500DC8DA0 /* RickAndMorty */ = {
			isa = PBXGroup;
			children = (
				E740617525CF38D600DC8DA0 /* Application */,
				E740617625CF38E100DC8DA0 /* Common */,
				E740617825CF390E00DC8DA0 /* Presentation */,
				E740617725CF390900DC8DA0 /* Screen */,
				E740617A25CF394800DC8DA0 /* Service */,
				E740616925CF38A900DC8DA0 /* Assets.xcassets */,
				E740616B25CF38A900DC8DA0 /* LaunchScreen.storyboard */,
				E740616E25CF38A900DC8DA0 /* Info.plist */,
			);
			path = RickAndMorty;
			sourceTree = "<group>";
		};
		E740617525CF38D600DC8DA0 /* Application */ = {
			isa = PBXGroup;
			children = (
				E740616025CF38A500DC8DA0 /* AppDelegate.swift */,
				E740616225CF38A500DC8DA0 /* SceneDelegate.swift */,
			);
			path = Application;
			sourceTree = "<group>";
		};
		E740617625CF38E100DC8DA0 /* Common */ = {
			isa = PBXGroup;
			children = (
				E74061C025CF48FD00DC8DA0 /* Extentions */,
				E74061E525CFDC8500DC8DA0 /* Managers */,
			);
			path = Common;
			sourceTree = "<group>";
		};
		E740617725CF390900DC8DA0 /* Screen */ = {
			isa = PBXGroup;
			children = (
				E740617C25CF3A6500DC8DA0 /* Constants */,
				E740617D25CF3A6B00DC8DA0 /* Models */,
				E740617E25CF3A6F00DC8DA0 /* Protocols */,
				E740618025CF3A7900DC8DA0 /* ViewControllers */,
				E740617F25CF3A7400DC8DA0 /* ViewModels */,
				E740618125CF3A8800DC8DA0 /* Views */,
				E740616625CF38A500DC8DA0 /* RickAndMorty.storyboard */,
			);
			path = Screen;
			sourceTree = "<group>";
		};
		E740617825CF390E00DC8DA0 /* Presentation */ = {
			isa = PBXGroup;
			children = (
				E74061DE25CFDC0900DC8DA0 /* CollectionViewFlowLayouts */,
				E74061D925CFDBE700DC8DA0 /* Extensions */,
				E74061B125CF45B800DC8DA0 /* ViewControllers */,
			);
			path = Presentation;
			sourceTree = "<group>";
		};
		E740617A25CF394800DC8DA0 /* Service */ = {
			isa = PBXGroup;
			children = (
				E740619425CF443300DC8DA0 /* Constants */,
				E740619525CF443B00DC8DA0 /* Managers */,
				E740619625CF444600DC8DA0 /* Messages */,
				E740619725CF445100DC8DA0 /* Models */,
				E740619825CF446000DC8DA0 /* Services.swift */,
			);
			path = Service;
			sourceTree = "<group>";
		};
		E740617C25CF3A6500DC8DA0 /* Constants */ = {
			isa = PBXGroup;
			children = (
				E740620325D016D200DC8DA0 /* RickAndMortyConstants.swift */,
			);
			path = Constants;
			sourceTree = "<group>";
		};
		E740617D25CF3A6B00DC8DA0 /* Models */ = {
			isa = PBXGroup;
			children = (
				E740619025CF430800DC8DA0 /* RickAndMortyCharacterEpisodeModel.swift */,
				E740618C25CF40F800DC8DA0 /* RickAndMortyModel.swift */,
				E740620025CFEF6500DC8DA0 /* RickAndMortyModelMapper.swift */,
			);
			path = Models;
			sourceTree = "<group>";
		};
		E740617E25CF3A6F00DC8DA0 /* Protocols */ = {
			isa = PBXGroup;
			children = (
				E7C53A9625D060E300D37D09 /* RickAndMortyViewModelDelegate.swift */,
				E740621625D03AAB00DC8DA0 /* RickAndMortyDetailViewModelDelegate.swift */,
			);
			path = Protocols;
			sourceTree = "<group>";
		};
		E740617F25CF3A7400DC8DA0 /* ViewModels */ = {
			isa = PBXGroup;
			children = (
				E740618925CF3DA200DC8DA0 /* RickAndMortyViewModel.swift */,
				E740621025D03A8900DC8DA0 /* RickAndMortyDetailViewModel.swift */,
			);
			path = ViewModels;
			sourceTree = "<group>";
		};
		E740618025CF3A7900DC8DA0 /* ViewControllers */ = {
			isa = PBXGroup;
			children = (
				E740616425CF38A500DC8DA0 /* RickAndMortyViewController.swift */,
				E740621325D03A9800DC8DA0 /* RickAndMortyDetailViewController.swift */,
			);
			path = ViewControllers;
			sourceTree = "<group>";
		};
		E740618125CF3A8800DC8DA0 /* Views */ = {
			isa = PBXGroup;
			children = (
				E74061EC25CFDD1900DC8DA0 /* RickAndMortyCollectionViewCell.swift */,
				E74061F525CFE27500DC8DA0 /* RickAndMortyCollectionViewFooterView.swift */,
				E74061F225CFE26C00DC8DA0 /* RickAndMortyCollectionViewFooterView.xib */,
				E740620925D0182C00DC8DA0 /* RickAndMortyGridCollectionViewCell.xib */,
				E74061EF25CFDD2C00DC8DA0 /* RickAndMortyListCollectionViewCell.xib */,
			);
			path = Views;
			sourceTree = "<group>";
		};
		E740619425CF443300DC8DA0 /* Constants */ = {
			isa = PBXGroup;
			children = (
				E74061A425CF455000DC8DA0 /* ServiceConstants.swift */,
				E74061A725CF456800DC8DA0 /* ErrorMessagesConstants.swift */,
			);
			path = Constants;
			sourceTree = "<group>";
		};
		E740619525CF443B00DC8DA0 /* Managers */ = {
			isa = PBXGroup;
			children = (
				E74061AA25CF458800DC8DA0 /* ServiceManager.swift */,
			);
			path = Managers;
			sourceTree = "<group>";
		};
		E740619625CF444600DC8DA0 /* Messages */ = {
			isa = PBXGroup;
			children = (
				E74061C525CF4C0000DC8DA0 /* Base */,
				E74061B525CF460E00DC8DA0 /* RickAndMorty */,
			);
			path = Messages;
			sourceTree = "<group>";
		};
		E740619725CF445100DC8DA0 /* Models */ = {
			isa = PBXGroup;
			children = (
				E740619B25CF449700DC8DA0 /* BaseRequestModel.swift */,
				E740619E25CF44F300DC8DA0 /* BaseResponseModel.swift */,
				E74061A125CF451000DC8DA0 /* ServiceErrorModel.swift */,
			);
			path = Models;
			sourceTree = "<group>";
		};
		E74061B125CF45B800DC8DA0 /* ViewControllers */ = {
			isa = PBXGroup;
			children = (
				E74061B225CF45C600DC8DA0 /* BaseViewController.swift */,
			);
			path = ViewControllers;
			sourceTree = "<group>";
		};
		E74061B525CF460E00DC8DA0 /* RickAndMorty */ = {
			isa = PBXGroup;
			children = (
				E74061B625CF461400DC8DA0 /* Characters */,
				E74061D125CFD80400DC8DA0 /* Episodes */,
			);
			path = RickAndMorty;
			sourceTree = "<group>";
		};
		E74061B625CF461400DC8DA0 /* Characters */ = {
			isa = PBXGroup;
			children = (
				E74061B725CF463B00DC8DA0 /* GetAllCharactersRequestModel.swift */,
				E74061BA25CF466800DC8DA0 /* GetCharacterByIdRequestModel.swift */,
				E74061BD25CF469200DC8DA0 /* CharacterResponseModel.swift */,
			);
			path = Characters;
			sourceTree = "<group>";
		};
		E74061C025CF48FD00DC8DA0 /* Extentions */ = {
			isa = PBXGroup;
			children = (
				E74061F825CFECDA00DC8DA0 /* DateFormatterExtension.swift */,
				E74061FB25CFECE900DC8DA0 /* JSONDecoderDateExtension.swift */,
				E74061C125CF491500DC8DA0 /* UIApplicationExtension.swift */,
				E74061E925CFDCBA00DC8DA0 /* UserDefaultsExtension.swift */,
			);
			path = Extentions;
			sourceTree = "<group>";
		};
		E74061C525CF4C0000DC8DA0 /* Base */ = {
			isa = PBXGroup;
			children = (
				E74061CB25CF4DE600DC8DA0 /* BaseApiRequestModel.swift */,
				E74061C625CF4C0D00DC8DA0 /* BaseApiResponseModel.swift */,
			);
			path = Base;
			sourceTree = "<group>";
		};
		E74061D125CFD80400DC8DA0 /* Episodes */ = {
			isa = PBXGroup;
			children = (
				E74061D225CFD81E00DC8DA0 /* GetEpisodeByIdRequestModel.swift */,
				E74061D525CFD86700DC8DA0 /* EpisodeResponseModel.swift */,
			);
			path = Episodes;
			sourceTree = "<group>";
		};
		E74061D925CFDBE700DC8DA0 /* Extensions */ = {
			isa = PBXGroup;
			children = (
				E74061DA25CFDBF300DC8DA0 /* SetImage.swift */,
			);
			path = Extensions;
			sourceTree = "<group>";
		};
		E74061DE25CFDC0900DC8DA0 /* CollectionViewFlowLayouts */ = {
			isa = PBXGroup;
			children = (
				E74061DF25CFDC2300DC8DA0 /* GridFlowLayout.swift */,
				E74061E225CFDC2D00DC8DA0 /* ListFlowLayout.swift */,
			);
			path = CollectionViewFlowLayouts;
			sourceTree = "<group>";
		};
		E74061E525CFDC8500DC8DA0 /* Managers */ = {
			isa = PBXGroup;
			children = (
				E74061E625CFDC9800DC8DA0 /* UserDefaultsManager.swift */,
			);
			path = Managers;
			sourceTree = "<group>";
		};
/* End PBXGroup section */

/* Begin PBXNativeTarget section */
		E740615C25CF38A500DC8DA0 /* RickAndMorty */ = {
			isa = PBXNativeTarget;
			buildConfigurationList = E740617125CF38A900DC8DA0 /* Build configuration list for PBXNativeTarget "RickAndMorty" */;
			buildPhases = (
				E740615925CF38A500DC8DA0 /* Sources */,
				E740615A25CF38A500DC8DA0 /* Frameworks */,
				E740615B25CF38A500DC8DA0 /* Resources */,
			);
			buildRules = (
			);
			dependencies = (
			);
			name = RickAndMorty;
			productName = RickAndMorty;
			productReference = E740615D25CF38A500DC8DA0 /* RickAndMorty.app */;
			productType = "com.apple.product-type.application";
		};
/* End PBXNativeTarget section */

/* Begin PBXProject section */
		E740615525CF38A500DC8DA0 /* Project object */ = {
			isa = PBXProject;
			attributes = {
				LastSwiftUpdateCheck = 1240;
				LastUpgradeCheck = 1240;
				TargetAttributes = {
					E740615C25CF38A500DC8DA0 = {
						CreatedOnToolsVersion = 12.4;
					};
				};
			};
			buildConfigurationList = E740615825CF38A500DC8DA0 /* Build configuration list for PBXProject "RickAndMorty" */;
			compatibilityVersion = "Xcode 9.3";
			developmentRegion = en;
			hasScannedForEncodings = 0;
			knownRegions = (
				en,
				Base,
			);
			mainGroup = E740615425CF38A500DC8DA0;
			productRefGroup = E740615E25CF38A500DC8DA0 /* Products */;
			projectDirPath = "";
			projectRoot = "";
			targets = (
				E740615C25CF38A500DC8DA0 /* RickAndMorty */,
			);
		};
/* End PBXProject section */

/* Begin PBXResourcesBuildPhase section */
		E740615B25CF38A500DC8DA0 /* Resources */ = {
			isa = PBXResourcesBuildPhase;
			buildActionMask = 2147483647;
			files = (
				E740616D25CF38A900DC8DA0 /* LaunchScreen.storyboard in Resources */,
				E74061F025CFDD2C00DC8DA0 /* RickAndMortyListCollectionViewCell.xib in Resources */,
				E740616A25CF38A900DC8DA0 /* Assets.xcassets in Resources */,
				E7C53A9325D05F9C00D37D09 /* README.md in Resources */,
				E740620A25D0182C00DC8DA0 /* RickAndMortyGridCollectionViewCell.xib in Resources */,
				E74061F325CFE26D00DC8DA0 /* RickAndMortyCollectionViewFooterView.xib in Resources */,
				E740616825CF38A500DC8DA0 /* RickAndMorty.storyboard in Resources */,
			);
			runOnlyForDeploymentPostprocessing = 0;
		};
/* End PBXResourcesBuildPhase section */

/* Begin PBXSourcesBuildPhase section */
		E740615925CF38A500DC8DA0 /* Sources */ = {
			isa = PBXSourcesBuildPhase;
			buildActionMask = 2147483647;
			files = (
				E74061BE25CF469200DC8DA0 /* CharacterResponseModel.swift in Sources */,
				E74061B825CF463B00DC8DA0 /* GetAllCharactersRequestModel.swift in Sources */,
				E74061C225CF491500DC8DA0 /* UIApplicationExtension.swift in Sources */,
				E74061FC25CFECE900DC8DA0 /* JSONDecoderDateExtension.swift in Sources */,
				E74061A825CF456800DC8DA0 /* ErrorMessagesConstants.swift in Sources */,
				E740621125D03A8A00DC8DA0 /* RickAndMortyDetailViewModel.swift in Sources */,
				E740619F25CF44F300DC8DA0 /* BaseResponseModel.swift in Sources */,
				E74061D325CFD81E00DC8DA0 /* GetEpisodeByIdRequestModel.swift in Sources */,
				E740619925CF446000DC8DA0 /* Services.swift in Sources */,
				E74061A525CF455000DC8DA0 /* ServiceConstants.swift in Sources */,
				E74061B325CF45C600DC8DA0 /* BaseViewController.swift in Sources */,
				E74061D625CFD86700DC8DA0 /* EpisodeResponseModel.swift in Sources */,
				E74061AB25CF458800DC8DA0 /* ServiceManager.swift in Sources */,
				E740621725D03AAB00DC8DA0 /* RickAndMortyDetailViewModelDelegate.swift in Sources */,
				E740619125CF430800DC8DA0 /* RickAndMortyCharacterEpisodeModel.swift in Sources */,
				E74061BB25CF466800DC8DA0 /* GetCharacterByIdRequestModel.swift in Sources */,
				E74061A225CF451000DC8DA0 /* ServiceErrorModel.swift in Sources */,
				E7C53A9725D060E300D37D09 /* RickAndMortyViewModelDelegate.swift in Sources */,
				E74061CC25CF4DE600DC8DA0 /* BaseApiRequestModel.swift in Sources */,
				E74061DB25CFDBF300DC8DA0 /* SetImage.swift in Sources */,
				E740620125CFEF6500DC8DA0 /* RickAndMortyModelMapper.swift in Sources */,
				E740616525CF38A500DC8DA0 /* RickAndMortyViewController.swift in Sources */,
				E740620425D016D300DC8DA0 /* RickAndMortyConstants.swift in Sources */,
				E74061C725CF4C0D00DC8DA0 /* BaseApiResponseModel.swift in Sources */,
				E74061F925CFECDB00DC8DA0 /* DateFormatterExtension.swift in Sources */,
				E740616125CF38A500DC8DA0 /* AppDelegate.swift in Sources */,
				E740618A25CF3DA200DC8DA0 /* RickAndMortyViewModel.swift in Sources */,
				E740618D25CF40F800DC8DA0 /* RickAndMortyModel.swift in Sources */,
				E74061E025CFDC2300DC8DA0 /* GridFlowLayout.swift in Sources */,
				E74061E725CFDC9800DC8DA0 /* UserDefaultsManager.swift in Sources */,
				E74061E325CFDC2D00DC8DA0 /* ListFlowLayout.swift in Sources */,
				E74061F625CFE27500DC8DA0 /* RickAndMortyCollectionViewFooterView.swift in Sources */,
				E740616325CF38A500DC8DA0 /* SceneDelegate.swift in Sources */,
				E74061ED25CFDD1900DC8DA0 /* RickAndMortyCollectionViewCell.swift in Sources */,
				E74061EA25CFDCBA00DC8DA0 /* UserDefaultsExtension.swift in Sources */,
				E740621425D03A9800DC8DA0 /* RickAndMortyDetailViewController.swift in Sources */,
				E740619C25CF449700DC8DA0 /* BaseRequestModel.swift in Sources */,
			);
			runOnlyForDeploymentPostprocessing = 0;
		};
/* End PBXSourcesBuildPhase section */

/* Begin PBXVariantGroup section */
		E740616625CF38A500DC8DA0 /* RickAndMorty.storyboard */ = {
			isa = PBXVariantGroup;
			children = (
				E740616725CF38A500DC8DA0 /* Base */,
			);
			name = RickAndMorty.storyboard;
			sourceTree = "<group>";
		};
		E740616B25CF38A900DC8DA0 /* LaunchScreen.storyboard */ = {
			isa = PBXVariantGroup;
			children = (
				E740616C25CF38A900DC8DA0 /* Base */,
			);
			name = LaunchScreen.storyboard;
			sourceTree = "<group>";
		};
/* End PBXVariantGroup section */

/* Begin XCBuildConfiguration section */
		E740616F25CF38A900DC8DA0 /* Debug */ = {
			isa = XCBuildConfiguration;
			buildSettings = {
				ALWAYS_SEARCH_USER_PATHS = NO;
				CLANG_ANALYZER_NONNULL = YES;
				CLANG_ANALYZER_NUMBER_OBJECT_CONVERSION = YES_AGGRESSIVE;
				CLANG_CXX_LANGUAGE_STANDARD = "gnu++14";
				CLANG_CXX_LIBRARY = "libc++";
				CLANG_ENABLE_MODULES = YES;
				CLANG_ENABLE_OBJC_ARC = YES;
				CLANG_ENABLE_OBJC_WEAK = YES;
				CLANG_WARN_BLOCK_CAPTURE_AUTORELEASING = YES;
				CLANG_WARN_BOOL_CONVERSION = YES;
				CLANG_WARN_COMMA = YES;
				CLANG_WARN_CONSTANT_CONVERSION = YES;
				CLANG_WARN_DEPRECATED_OBJC_IMPLEMENTATIONS = YES;
				CLANG_WARN_DIRECT_OBJC_ISA_USAGE = YES_ERROR;
				CLANG_WARN_DOCUMENTATION_COMMENTS = YES;
				CLANG_WARN_EMPTY_BODY = YES;
				CLANG_WARN_ENUM_CONVERSION = YES;
				CLANG_WARN_INFINITE_RECURSION = YES;
				CLANG_WARN_INT_CONVERSION = YES;
				CLANG_WARN_NON_LITERAL_NULL_CONVERSION = YES;
				CLANG_WARN_OBJC_IMPLICIT_RETAIN_SELF = YES;
				CLANG_WARN_OBJC_LITERAL_CONVERSION = YES;
				CLANG_WARN_OBJC_ROOT_CLASS = YES_ERROR;
				CLANG_WARN_QUOTED_INCLUDE_IN_FRAMEWORK_HEADER = YES;
				CLANG_WARN_RANGE_LOOP_ANALYSIS = YES;
				CLANG_WARN_STRICT_PROTOTYPES = YES;
				CLANG_WARN_SUSPICIOUS_MOVE = YES;
				CLANG_WARN_UNGUARDED_AVAILABILITY = YES_AGGRESSIVE;
				CLANG_WARN_UNREACHABLE_CODE = YES;
				CLANG_WARN__DUPLICATE_METHOD_MATCH = YES;
				COPY_PHASE_STRIP = NO;
				DEBUG_INFORMATION_FORMAT = dwarf;
				ENABLE_STRICT_OBJC_MSGSEND = YES;
				ENABLE_TESTABILITY = YES;
				GCC_C_LANGUAGE_STANDARD = gnu11;
				GCC_DYNAMIC_NO_PIC = NO;
				GCC_NO_COMMON_BLOCKS = YES;
				GCC_OPTIMIZATION_LEVEL = 0;
				GCC_PREPROCESSOR_DEFINITIONS = (
					"DEBUG=1",
					"$(inherited)",
				);
				GCC_WARN_64_TO_32_BIT_CONVERSION = YES;
				GCC_WARN_ABOUT_RETURN_TYPE = YES_ERROR;
				GCC_WARN_UNDECLARED_SELECTOR = YES;
				GCC_WARN_UNINITIALIZED_AUTOS = YES_AGGRESSIVE;
				GCC_WARN_UNUSED_FUNCTION = YES;
				GCC_WARN_UNUSED_VARIABLE = YES;
				IPHONEOS_DEPLOYMENT_TARGET = 14.4;
				MTL_ENABLE_DEBUG_INFO = INCLUDE_SOURCE;
				MTL_FAST_MATH = YES;
				ONLY_ACTIVE_ARCH = YES;
				SDKROOT = iphoneos;
				SWIFT_ACTIVE_COMPILATION_CONDITIONS = DEBUG;
				SWIFT_OPTIMIZATION_LEVEL = "-Onone";
			};
			name = Debug;
		};
		E740617025CF38A900DC8DA0 /* Release */ = {
			isa = XCBuildConfiguration;
			buildSettings = {
				ALWAYS_SEARCH_USER_PATHS = NO;
				CLANG_ANALYZER_NONNULL = YES;
				CLANG_ANALYZER_NUMBER_OBJECT_CONVERSION = YES_AGGRESSIVE;
				CLANG_CXX_LANGUAGE_STANDARD = "gnu++14";
				CLANG_CXX_LIBRARY = "libc++";
				CLANG_ENABLE_MODULES = YES;
				CLANG_ENABLE_OBJC_ARC = YES;
				CLANG_ENABLE_OBJC_WEAK = YES;
				CLANG_WARN_BLOCK_CAPTURE_AUTORELEASING = YES;
				CLANG_WARN_BOOL_CONVERSION = YES;
				CLANG_WARN_COMMA = YES;
				CLANG_WARN_CONSTANT_CONVERSION = YES;
				CLANG_WARN_DEPRECATED_OBJC_IMPLEMENTATIONS = YES;
				CLANG_WARN_DIRECT_OBJC_ISA_USAGE = YES_ERROR;
				CLANG_WARN_DOCUMENTATION_COMMENTS = YES;
				CLANG_WARN_EMPTY_BODY = YES;
				CLANG_WARN_ENUM_CONVERSION = YES;
				CLANG_WARN_INFINITE_RECURSION = YES;
				CLANG_WARN_INT_CONVERSION = YES;
				CLANG_WARN_NON_LITERAL_NULL_CONVERSION = YES;
				CLANG_WARN_OBJC_IMPLICIT_RETAIN_SELF = YES;
				CLANG_WARN_OBJC_LITERAL_CONVERSION = YES;
				CLANG_WARN_OBJC_ROOT_CLASS = YES_ERROR;
				CLANG_WARN_QUOTED_INCLUDE_IN_FRAMEWORK_HEADER = YES;
				CLANG_WARN_RANGE_LOOP_ANALYSIS = YES;
				CLANG_WARN_STRICT_PROTOTYPES = YES;
				CLANG_WARN_SUSPICIOUS_MOVE = YES;
				CLANG_WARN_UNGUARDED_AVAILABILITY = YES_AGGRESSIVE;
				CLANG_WARN_UNREACHABLE_CODE = YES;
				CLANG_WARN__DUPLICATE_METHOD_MATCH = YES;
				COPY_PHASE_STRIP = NO;
				DEBUG_INFORMATION_FORMAT = "dwarf-with-dsym";
				ENABLE_NS_ASSERTIONS = NO;
				ENABLE_STRICT_OBJC_MSGSEND = YES;
				GCC_C_LANGUAGE_STANDARD = gnu11;
				GCC_NO_COMMON_BLOCKS = YES;
				GCC_WARN_64_TO_32_BIT_CONVERSION = YES;
				GCC_WARN_ABOUT_RETURN_TYPE = YES_ERROR;
				GCC_WARN_UNDECLARED_SELECTOR = YES;
				GCC_WARN_UNINITIALIZED_AUTOS = YES_AGGRESSIVE;
				GCC_WARN_UNUSED_FUNCTION = YES;
				GCC_WARN_UNUSED_VARIABLE = YES;
				IPHONEOS_DEPLOYMENT_TARGET = 14.4;
				MTL_ENABLE_DEBUG_INFO = NO;
				MTL_FAST_MATH = YES;
				SDKROOT = iphoneos;
				SWIFT_COMPILATION_MODE = wholemodule;
				SWIFT_OPTIMIZATION_LEVEL = "-O";
				VALIDATE_PRODUCT = YES;
			};
			name = Release;
		};
		E740617225CF38A900DC8DA0 /* Debug */ = {
			isa = XCBuildConfiguration;
			buildSettings = {
				ASSETCATALOG_COMPILER_APPICON_NAME = AppIcon;
				ASSETCATALOG_COMPILER_GLOBAL_ACCENT_COLOR_NAME = AccentColor;
				CODE_SIGN_STYLE = Automatic;
				DEVELOPMENT_TEAM = 2XCZC4HZ97;
				INFOPLIST_FILE = RickAndMorty/Info.plist;
				LD_RUNPATH_SEARCH_PATHS = (
					"$(inherited)",
					"@executable_path/Frameworks",
				);
				PRODUCT_BUNDLE_IDENTIFIER = com.mertkgs.RickAndMorty;
				PRODUCT_NAME = "$(TARGET_NAME)";
				SWIFT_VERSION = 5.0;
				TARGETED_DEVICE_FAMILY = "1,2";
			};
			name = Debug;
		};
		E740617325CF38A900DC8DA0 /* Release */ = {
			isa = XCBuildConfiguration;
			buildSettings = {
				ASSETCATALOG_COMPILER_APPICON_NAME = AppIcon;
				ASSETCATALOG_COMPILER_GLOBAL_ACCENT_COLOR_NAME = AccentColor;
				CODE_SIGN_STYLE = Automatic;
				DEVELOPMENT_TEAM = 2XCZC4HZ97;
				INFOPLIST_FILE = RickAndMorty/Info.plist;
				LD_RUNPATH_SEARCH_PATHS = (
					"$(inherited)",
					"@executable_path/Frameworks",
				);
				PRODUCT_BUNDLE_IDENTIFIER = com.mertkgs.RickAndMorty;
				PRODUCT_NAME = "$(TARGET_NAME)";
				SWIFT_VERSION = 5.0;
				TARGETED_DEVICE_FAMILY = "1,2";
			};
			name = Release;
		};
/* End XCBuildConfiguration section */

/* Begin XCConfigurationList section */
		E740615825CF38A500DC8DA0 /* Build configuration list for PBXProject "RickAndMorty" */ = {
			isa = XCConfigurationList;
			buildConfigurations = (
				E740616F25CF38A900DC8DA0 /* Debug */,
				E740617025CF38A900DC8DA0 /* Release */,
			);
			defaultConfigurationIsVisible = 0;
			defaultConfigurationName = Release;
		};
		E740617125CF38A900DC8DA0 /* Build configuration list for PBXNativeTarget "RickAndMorty" */ = {
			isa = XCConfigurationList;
			buildConfigurations = (
				E740617225CF38A900DC8DA0 /* Debug */,
				E740617325CF38A900DC8DA0 /* Release */,
			);
			defaultConfigurationIsVisible = 0;
			defaultConfigurationName = Release;
		};
/* End XCConfigurationList section */
	};
	rootObject = E740615525CF38A500DC8DA0 /* Project object */;
}
